
Microsoft Visual Studio Solution File, Format Version 12.00
# Visual Studio Version 17
VisualStudioVersion = 17.6.33829.357
MinimumVisualStudioVersion = 10.0.40219.1
Project("{FAE04EC0-301F-11D3-BF4B-00C04F79EFBC}") = "Skyway_videocall_android", "Skyway_videocall_android\Skyway_videocall_android.csproj", "{11A056F9-2442-425A-B3B2-CB27AF7D124C}"
EndProject
Global
	GlobalSection(SolutionConfigurationPlatforms) = preSolution
		Debug|Any CPU = Debug|Any CPU
		Release|Any CPU = Release|Any CPU
	EndGlobalSection
	GlobalSection(ProjectConfigurationPlatforms) = postSolution
		{11A056F9-2442-425A-B3B2-CB27AF7D124C}.Debug|Any CPU.ActiveCfg = Debug|Any CPU
		{11A056F9-2442-425A-B3B2-CB27AF7D124C}.Debug|Any CPU.Build.0 = Debug|Any CPU
		{11A056F9-2442-425A-B3B2-CB27AF7D124C}.Debug|Any CPU.Deploy.0 = Debug|Any CPU
		{11A056F9-2442-425A-B3B2-CB27AF7D124C}.Release|Any CPU.ActiveCfg = Release|Any CPU
		{11A056F9-2442-425A-B3B2-CB27AF7D124C}.Release|Any CPU.Build.0 = Release|Any CPU
		{11A056F9-2442-425A-B3B2-CB27AF7D124C}.Release|Any CPU.Deploy.0 = Release|Any CPU
	EndGlobalSection
	GlobalSection(SolutionProperties) = preSolution
		HideSolutionNode = FALSE
	EndGlobalSection
	GlobalSection(ExtensibilityGlobals) = postSolution
		SolutionGuid = {A934CD9C-C01F-44EC-B95B-3660F4710CCE}
	EndGlobalSection
EndGlobal
