
Microsoft Visual Studio Solution File, Format Version 12.00
# Visual Studio Version 17
VisualStudioVersion = 17.6.33829.357
MinimumVisualStudioVersion = 10.0.40219.1
Project("{9A19103F-16F7-4668-BE54-9A1E7A4F7556}") = "Skyway_videocall_android", "Skyway_videocall_android\Skyway_videocall_android.csproj", "{11A056F9-2442-425A-B3B2-CB27AF7D124C}"
EndProject
Project("{9A19103F-16F7-4668-BE54-9A1E7A4F7556}") = "skyway_room", "skyway_room\skyway_room.csproj", "{8F3D97E6-1A06-4E8E-A9A8-9B3DE3B80D5C}"
EndProject
Project("{9A19103F-16F7-4668-BE54-9A1E7A4F7556}") = "skyway_sfubot", "skyway_sfubot\skyway_sfubot.csproj", "{EE45D9EC-6A11-4064-952B-4A55DF920D54}"
EndProject
Project("{9A19103F-16F7-4668-BE54-9A1E7A4F7556}") = "webrtc", "webrtc\webrtc.csproj", "{D36E6526-9D16-4F8F-B2C4-4589BD4264B0}"
EndProject
Project("{9A19103F-16F7-4668-BE54-9A1E7A4F7556}") = "skyway_core", "skyway_core\skyway_core.csproj", "{5EEF25B2-FEF7-46CB-82D6-890052F9B7C3}"
EndProject
Project("{FAE04EC0-301F-11D3-BF4B-00C04F79EFBC}") = "AndroidBinding1", "AndroidBinding1\AndroidBinding1.csproj", "{12D4C817-D672-42EC-A8AF-29C26DBC4BDF}"
EndProject
Global
	GlobalSection(SolutionConfigurationPlatforms) = preSolution
		Debug|Any CPU = Debug|Any CPU
		Release|Any CPU = Release|Any CPU
	EndGlobalSection
	GlobalSection(ProjectConfigurationPlatforms) = postSolution
		{11A056F9-2442-425A-B3B2-CB27AF7D124C}.Debug|Any CPU.ActiveCfg = Debug|Any CPU
		{11A056F9-2442-425A-B3B2-CB27AF7D124C}.Debug|Any CPU.Build.0 = Debug|Any CPU
		{11A056F9-2442-425A-B3B2-CB27AF7D124C}.Debug|Any CPU.Deploy.0 = Debug|Any CPU
		{11A056F9-2442-425A-B3B2-CB27AF7D124C}.Release|Any CPU.ActiveCfg = Release|Any CPU
		{11A056F9-2442-425A-B3B2-CB27AF7D124C}.Release|Any CPU.Build.0 = Release|Any CPU
		{11A056F9-2442-425A-B3B2-CB27AF7D124C}.Release|Any CPU.Deploy.0 = Release|Any CPU
		{8F3D97E6-1A06-4E8E-A9A8-9B3DE3B80D5C}.Debug|Any CPU.ActiveCfg = Debug|Any CPU
		{8F3D97E6-1A06-4E8E-A9A8-9B3DE3B80D5C}.Debug|Any CPU.Build.0 = Debug|Any CPU
		{8F3D97E6-1A06-4E8E-A9A8-9B3DE3B80D5C}.Release|Any CPU.ActiveCfg = Release|Any CPU
		{8F3D97E6-1A06-4E8E-A9A8-9B3DE3B80D5C}.Release|Any CPU.Build.0 = Release|Any CPU
		{EE45D9EC-6A11-4064-952B-4A55DF920D54}.Debug|Any CPU.ActiveCfg = Debug|Any CPU
		{EE45D9EC-6A11-4064-952B-4A55DF920D54}.Debug|Any CPU.Build.0 = Debug|Any CPU
		{EE45D9EC-6A11-4064-952B-4A55DF920D54}.Release|Any CPU.ActiveCfg = Release|Any CPU
		{EE45D9EC-6A11-4064-952B-4A55DF920D54}.Release|Any CPU.Build.0 = Release|Any CPU
		{D36E6526-9D16-4F8F-B2C4-4589BD4264B0}.Debug|Any CPU.ActiveCfg = Debug|Any CPU
		{D36E6526-9D16-4F8F-B2C4-4589BD4264B0}.Debug|Any CPU.Build.0 = Debug|Any CPU
		{D36E6526-9D16-4F8F-B2C4-4589BD4264B0}.Release|Any CPU.ActiveCfg = Release|Any CPU
		{D36E6526-9D16-4F8F-B2C4-4589BD4264B0}.Release|Any CPU.Build.0 = Release|Any CPU
		{5EEF25B2-FEF7-46CB-82D6-890052F9B7C3}.Debug|Any CPU.ActiveCfg = Debug|Any CPU
		{5EEF25B2-FEF7-46CB-82D6-890052F9B7C3}.Debug|Any CPU.Build.0 = Debug|Any CPU
		{5EEF25B2-FEF7-46CB-82D6-890052F9B7C3}.Release|Any CPU.ActiveCfg = Release|Any CPU
		{5EEF25B2-FEF7-46CB-82D6-890052F9B7C3}.Release|Any CPU.Build.0 = Release|Any CPU
		{12D4C817-D672-42EC-A8AF-29C26DBC4BDF}.Debug|Any CPU.ActiveCfg = Debug|Any CPU
		{12D4C817-D672-42EC-A8AF-29C26DBC4BDF}.Debug|Any CPU.Build.0 = Debug|Any CPU
		{12D4C817-D672-42EC-A8AF-29C26DBC4BDF}.Release|Any CPU.ActiveCfg = Release|Any CPU
		{12D4C817-D672-42EC-A8AF-29C26DBC4BDF}.Release|Any CPU.Build.0 = Release|Any CPU
	EndGlobalSection
	GlobalSection(SolutionProperties) = preSolution
		HideSolutionNode = FALSE
	EndGlobalSection
	GlobalSection(ExtensibilityGlobals) = postSolution
		SolutionGuid = {A934CD9C-C01F-44EC-B95B-3660F4710CCE}
	EndGlobalSection
EndGlobal
